
Microsoft Visual Studio Solution File, Format Version 12.00
# Visual Studio Version 16
VisualStudioVersion = 16.0.29709.97
MinimumVisualStudioVersion = 10.0.40219.1
Project("{FAE04EC0-301F-11D3-BF4B-00C04F79EFBC}") = "Middle_Manager_Mobile.Android", "Middle_Manager_Mobile\Middle_Manager_Mobile.Android\Middle_Manager_Mobile.Android.csproj", "{32B945B7-D5C1-4E1B-B492-6E3AE88FBE9A}"
EndProject
Project("{FAE04EC0-301F-11D3-BF4B-00C04F79EFBC}") = "Middle_Manager_Mobile.iOS", "Middle_Manager_Mobile\Middle_Manager_Mobile.iOS\Middle_Manager_Mobile.iOS.csproj", "{4E6EB582-85AE-4434-B58C-9417D70B6699}"
EndProject
Project("{9A19103F-16F7-4668-BE54-9A1E7A4F7556}") = "Middle_Manager_Mobile", "Middle_Manager_Mobile\Middle_Manager_Mobile\Middle_Manager_Mobile.csproj", "{347C6F1E-E8D8-4E41-A580-FC4E72ECDF2E}"
EndProject
Project("{9A19103F-16F7-4668-BE54-9A1E7A4F7556}") = "Middle_Manager_API", "Middle_Manager_API\Middle_Manager_API.csproj", "{1D3F04E8-FE65-47EC-91EA-3CCB42E51ED0}"
EndProject
Project("{9A19103F-16F7-4668-BE54-9A1E7A4F7556}") = "SharedClassLibrary", "SharedClassLibrary\SharedClassLibrary.csproj", "{4765838F-1B3E-4BF5-BB72-00958AA20C20}"
EndProject
Global
	GlobalSection(SolutionConfigurationPlatforms) = preSolution
		Debug|Any CPU = Debug|Any CPU
		Debug|ARM = Debug|ARM
		Debug|iPhone = Debug|iPhone
		Debug|iPhoneSimulator = Debug|iPhoneSimulator
		Debug|x64 = Debug|x64
		Debug|x86 = Debug|x86
		Release|Any CPU = Release|Any CPU
		Release|ARM = Release|ARM
		Release|iPhone = Release|iPhone
		Release|iPhoneSimulator = Release|iPhoneSimulator
		Release|x64 = Release|x64
		Release|x86 = Release|x86
	EndGlobalSection
	GlobalSection(ProjectConfigurationPlatforms) = postSolution
		{32B945B7-D5C1-4E1B-B492-6E3AE88FBE9A}.Debug|Any CPU.ActiveCfg = Debug|Any CPU
		{32B945B7-D5C1-4E1B-B492-6E3AE88FBE9A}.Debug|Any CPU.Build.0 = Debug|Any CPU
		{32B945B7-D5C1-4E1B-B492-6E3AE88FBE9A}.Debug|Any CPU.Deploy.0 = Debug|Any CPU
		{32B945B7-D5C1-4E1B-B492-6E3AE88FBE9A}.Debug|ARM.ActiveCfg = Debug|Any CPU
		{32B945B7-D5C1-4E1B-B492-6E3AE88FBE9A}.Debug|ARM.Build.0 = Debug|Any CPU
		{32B945B7-D5C1-4E1B-B492-6E3AE88FBE9A}.Debug|ARM.Deploy.0 = Debug|Any CPU
		{32B945B7-D5C1-4E1B-B492-6E3AE88FBE9A}.Debug|iPhone.ActiveCfg = Debug|Any CPU
		{32B945B7-D5C1-4E1B-B492-6E3AE88FBE9A}.Debug|iPhone.Build.0 = Debug|Any CPU
		{32B945B7-D5C1-4E1B-B492-6E3AE88FBE9A}.Debug|iPhone.Deploy.0 = Debug|Any CPU
		{32B945B7-D5C1-4E1B-B492-6E3AE88FBE9A}.Debug|iPhoneSimulator.ActiveCfg = Debug|Any CPU
		{32B945B7-D5C1-4E1B-B492-6E3AE88FBE9A}.Debug|iPhoneSimulator.Build.0 = Debug|Any CPU
		{32B945B7-D5C1-4E1B-B492-6E3AE88FBE9A}.Debug|iPhoneSimulator.Deploy.0 = Debug|Any CPU
		{32B945B7-D5C1-4E1B-B492-6E3AE88FBE9A}.Debug|x64.ActiveCfg = Debug|Any CPU
		{32B945B7-D5C1-4E1B-B492-6E3AE88FBE9A}.Debug|x64.Build.0 = Debug|Any CPU
		{32B945B7-D5C1-4E1B-B492-6E3AE88FBE9A}.Debug|x64.Deploy.0 = Debug|Any CPU
		{32B945B7-D5C1-4E1B-B492-6E3AE88FBE9A}.Debug|x86.ActiveCfg = Debug|Any CPU
		{32B945B7-D5C1-4E1B-B492-6E3AE88FBE9A}.Debug|x86.Build.0 = Debug|Any CPU
		{32B945B7-D5C1-4E1B-B492-6E3AE88FBE9A}.Debug|x86.Deploy.0 = Debug|Any CPU
		{32B945B7-D5C1-4E1B-B492-6E3AE88FBE9A}.Release|Any CPU.ActiveCfg = Release|Any CPU
		{32B945B7-D5C1-4E1B-B492-6E3AE88FBE9A}.Release|Any CPU.Build.0 = Release|Any CPU
		{32B945B7-D5C1-4E1B-B492-6E3AE88FBE9A}.Release|Any CPU.Deploy.0 = Release|Any CPU
		{32B945B7-D5C1-4E1B-B492-6E3AE88FBE9A}.Release|ARM.ActiveCfg = Release|Any CPU
		{32B945B7-D5C1-4E1B-B492-6E3AE88FBE9A}.Release|ARM.Build.0 = Release|Any CPU
		{32B945B7-D5C1-4E1B-B492-6E3AE88FBE9A}.Release|ARM.Deploy.0 = Release|Any CPU
		{32B945B7-D5C1-4E1B-B492-6E3AE88FBE9A}.Release|iPhone.ActiveCfg = Release|Any CPU
		{32B945B7-D5C1-4E1B-B492-6E3AE88FBE9A}.Release|iPhone.Build.0 = Release|Any CPU
		{32B945B7-D5C1-4E1B-B492-6E3AE88FBE9A}.Release|iPhone.Deploy.0 = Release|Any CPU
		{32B945B7-D5C1-4E1B-B492-6E3AE88FBE9A}.Release|iPhoneSimulator.ActiveCfg = Release|Any CPU
		{32B945B7-D5C1-4E1B-B492-6E3AE88FBE9A}.Release|iPhoneSimulator.Build.0 = Release|Any CPU
		{32B945B7-D5C1-4E1B-B492-6E3AE88FBE9A}.Release|iPhoneSimulator.Deploy.0 = Release|Any CPU
		{32B945B7-D5C1-4E1B-B492-6E3AE88FBE9A}.Release|x64.ActiveCfg = Release|Any CPU
		{32B945B7-D5C1-4E1B-B492-6E3AE88FBE9A}.Release|x64.Build.0 = Release|Any CPU
		{32B945B7-D5C1-4E1B-B492-6E3AE88FBE9A}.Release|x64.Deploy.0 = Release|Any CPU
		{32B945B7-D5C1-4E1B-B492-6E3AE88FBE9A}.Release|x86.ActiveCfg = Release|Any CPU
		{32B945B7-D5C1-4E1B-B492-6E3AE88FBE9A}.Release|x86.Build.0 = Release|Any CPU
		{32B945B7-D5C1-4E1B-B492-6E3AE88FBE9A}.Release|x86.Deploy.0 = Release|Any CPU
		{4E6EB582-85AE-4434-B58C-9417D70B6699}.Debug|Any CPU.ActiveCfg = Debug|iPhone
		{4E6EB582-85AE-4434-B58C-9417D70B6699}.Debug|Any CPU.Build.0 = Debug|iPhone
		{4E6EB582-85AE-4434-B58C-9417D70B6699}.Debug|Any CPU.Deploy.0 = Debug|iPhone
		{4E6EB582-85AE-4434-B58C-9417D70B6699}.Debug|ARM.ActiveCfg = Debug|iPhoneSimulator
		{4E6EB582-85AE-4434-B58C-9417D70B6699}.Debug|ARM.Build.0 = Debug|iPhoneSimulator
		{4E6EB582-85AE-4434-B58C-9417D70B6699}.Debug|ARM.Deploy.0 = Debug|iPhoneSimulator
		{4E6EB582-85AE-4434-B58C-9417D70B6699}.Debug|iPhone.ActiveCfg = Debug|iPhone
		{4E6EB582-85AE-4434-B58C-9417D70B6699}.Debug|iPhone.Build.0 = Debug|iPhone
		{4E6EB582-85AE-4434-B58C-9417D70B6699}.Debug|iPhone.Deploy.0 = Debug|iPhone
		{4E6EB582-85AE-4434-B58C-9417D70B6699}.Debug|iPhoneSimulator.ActiveCfg = Debug|iPhoneSimulator
		{4E6EB582-85AE-4434-B58C-9417D70B6699}.Debug|iPhoneSimulator.Build.0 = Debug|iPhoneSimulator
		{4E6EB582-85AE-4434-B58C-9417D70B6699}.Debug|iPhoneSimulator.Deploy.0 = Debug|iPhoneSimulator
		{4E6EB582-85AE-4434-B58C-9417D70B6699}.Debug|x64.ActiveCfg = Debug|iPhone
		{4E6EB582-85AE-4434-B58C-9417D70B6699}.Debug|x64.Build.0 = Debug|iPhone
		{4E6EB582-85AE-4434-B58C-9417D70B6699}.Debug|x64.Deploy.0 = Debug|iPhone
		{4E6EB582-85AE-4434-B58C-9417D70B6699}.Debug|x86.ActiveCfg = Debug|iPhone
		{4E6EB582-85AE-4434-B58C-9417D70B6699}.Debug|x86.Build.0 = Debug|iPhone
		{4E6EB582-85AE-4434-B58C-9417D70B6699}.Debug|x86.Deploy.0 = Debug|iPhone
		{4E6EB582-85AE-4434-B58C-9417D70B6699}.Release|Any CPU.ActiveCfg = Release|iPhone
		{4E6EB582-85AE-4434-B58C-9417D70B6699}.Release|Any CPU.Build.0 = Release|iPhone
		{4E6EB582-85AE-4434-B58C-9417D70B6699}.Release|Any CPU.Deploy.0 = Release|iPhone
		{4E6EB582-85AE-4434-B58C-9417D70B6699}.Release|ARM.ActiveCfg = Release|iPhone
		{4E6EB582-85AE-4434-B58C-9417D70B6699}.Release|ARM.Build.0 = Release|iPhone
		{4E6EB582-85AE-4434-B58C-9417D70B6699}.Release|ARM.Deploy.0 = Release|iPhone
		{4E6EB582-85AE-4434-B58C-9417D70B6699}.Release|iPhone.ActiveCfg = Release|iPhone
		{4E6EB582-85AE-4434-B58C-9417D70B6699}.Release|iPhone.Build.0 = Release|iPhone
		{4E6EB582-85AE-4434-B58C-9417D70B6699}.Release|iPhone.Deploy.0 = Release|iPhone
		{4E6EB582-85AE-4434-B58C-9417D70B6699}.Release|iPhoneSimulator.ActiveCfg = Release|iPhoneSimulator
		{4E6EB582-85AE-4434-B58C-9417D70B6699}.Release|iPhoneSimulator.Build.0 = Release|iPhoneSimulator
		{4E6EB582-85AE-4434-B58C-9417D70B6699}.Release|iPhoneSimulator.Deploy.0 = Release|iPhoneSimulator
		{4E6EB582-85AE-4434-B58C-9417D70B6699}.Release|x64.ActiveCfg = Release|iPhone
		{4E6EB582-85AE-4434-B58C-9417D70B6699}.Release|x64.Build.0 = Release|iPhone
		{4E6EB582-85AE-4434-B58C-9417D70B6699}.Release|x64.Deploy.0 = Release|iPhone
		{4E6EB582-85AE-4434-B58C-9417D70B6699}.Release|x86.ActiveCfg = Release|iPhone
		{4E6EB582-85AE-4434-B58C-9417D70B6699}.Release|x86.Build.0 = Release|iPhone
		{4E6EB582-85AE-4434-B58C-9417D70B6699}.Release|x86.Deploy.0 = Release|iPhone
		{347C6F1E-E8D8-4E41-A580-FC4E72ECDF2E}.Debug|Any CPU.ActiveCfg = Debug|Any CPU
		{347C6F1E-E8D8-4E41-A580-FC4E72ECDF2E}.Debug|Any CPU.Build.0 = Debug|Any CPU
		{347C6F1E-E8D8-4E41-A580-FC4E72ECDF2E}.Debug|Any CPU.Deploy.0 = Debug|Any CPU
		{347C6F1E-E8D8-4E41-A580-FC4E72ECDF2E}.Debug|ARM.ActiveCfg = Debug|Any CPU
		{347C6F1E-E8D8-4E41-A580-FC4E72ECDF2E}.Debug|ARM.Build.0 = Debug|Any CPU
		{347C6F1E-E8D8-4E41-A580-FC4E72ECDF2E}.Debug|ARM.Deploy.0 = Debug|Any CPU
		{347C6F1E-E8D8-4E41-A580-FC4E72ECDF2E}.Debug|iPhone.ActiveCfg = Debug|Any CPU
		{347C6F1E-E8D8-4E41-A580-FC4E72ECDF2E}.Debug|iPhone.Build.0 = Debug|Any CPU
		{347C6F1E-E8D8-4E41-A580-FC4E72ECDF2E}.Debug|iPhone.Deploy.0 = Debug|Any CPU
		{347C6F1E-E8D8-4E41-A580-FC4E72ECDF2E}.Debug|iPhoneSimulator.ActiveCfg = Debug|Any CPU
		{347C6F1E-E8D8-4E41-A580-FC4E72ECDF2E}.Debug|iPhoneSimulator.Build.0 = Debug|Any CPU
		{347C6F1E-E8D8-4E41-A580-FC4E72ECDF2E}.Debug|iPhoneSimulator.Deploy.0 = Debug|Any CPU
		{347C6F1E-E8D8-4E41-A580-FC4E72ECDF2E}.Debug|x64.ActiveCfg = Debug|Any CPU
		{347C6F1E-E8D8-4E41-A580-FC4E72ECDF2E}.Debug|x64.Build.0 = Debug|Any CPU
		{347C6F1E-E8D8-4E41-A580-FC4E72ECDF2E}.Debug|x64.Deploy.0 = Debug|Any CPU
		{347C6F1E-E8D8-4E41-A580-FC4E72ECDF2E}.Debug|x86.ActiveCfg = Debug|Any CPU
		{347C6F1E-E8D8-4E41-A580-FC4E72ECDF2E}.Debug|x86.Build.0 = Debug|Any CPU
		{347C6F1E-E8D8-4E41-A580-FC4E72ECDF2E}.Debug|x86.Deploy.0 = Debug|Any CPU
		{347C6F1E-E8D8-4E41-A580-FC4E72ECDF2E}.Release|Any CPU.ActiveCfg = Release|Any CPU
		{347C6F1E-E8D8-4E41-A580-FC4E72ECDF2E}.Release|Any CPU.Build.0 = Release|Any CPU
		{347C6F1E-E8D8-4E41-A580-FC4E72ECDF2E}.Release|Any CPU.Deploy.0 = Release|Any CPU
		{347C6F1E-E8D8-4E41-A580-FC4E72ECDF2E}.Release|ARM.ActiveCfg = Release|Any CPU
		{347C6F1E-E8D8-4E41-A580-FC4E72ECDF2E}.Release|ARM.Build.0 = Release|Any CPU
		{347C6F1E-E8D8-4E41-A580-FC4E72ECDF2E}.Release|ARM.Deploy.0 = Release|Any CPU
		{347C6F1E-E8D8-4E41-A580-FC4E72ECDF2E}.Release|iPhone.ActiveCfg = Release|Any CPU
		{347C6F1E-E8D8-4E41-A580-FC4E72ECDF2E}.Release|iPhone.Build.0 = Release|Any CPU
		{347C6F1E-E8D8-4E41-A580-FC4E72ECDF2E}.Release|iPhone.Deploy.0 = Release|Any CPU
		{347C6F1E-E8D8-4E41-A580-FC4E72ECDF2E}.Release|iPhoneSimulator.ActiveCfg = Release|Any CPU
		{347C6F1E-E8D8-4E41-A580-FC4E72ECDF2E}.Release|iPhoneSimulator.Build.0 = Release|Any CPU
		{347C6F1E-E8D8-4E41-A580-FC4E72ECDF2E}.Release|iPhoneSimulator.Deploy.0 = Release|Any CPU
		{347C6F1E-E8D8-4E41-A580-FC4E72ECDF2E}.Release|x64.ActiveCfg = Release|Any CPU
		{347C6F1E-E8D8-4E41-A580-FC4E72ECDF2E}.Release|x64.Build.0 = Release|Any CPU
		{347C6F1E-E8D8-4E41-A580-FC4E72ECDF2E}.Release|x64.Deploy.0 = Release|Any CPU
		{347C6F1E-E8D8-4E41-A580-FC4E72ECDF2E}.Release|x86.ActiveCfg = Release|Any CPU
		{347C6F1E-E8D8-4E41-A580-FC4E72ECDF2E}.Release|x86.Build.0 = Release|Any CPU
		{347C6F1E-E8D8-4E41-A580-FC4E72ECDF2E}.Release|x86.Deploy.0 = Release|Any CPU
		{1D3F04E8-FE65-47EC-91EA-3CCB42E51ED0}.Debug|Any CPU.ActiveCfg = Debug|Any CPU
		{1D3F04E8-FE65-47EC-91EA-3CCB42E51ED0}.Debug|ARM.ActiveCfg = Debug|Any CPU
		{1D3F04E8-FE65-47EC-91EA-3CCB42E51ED0}.Debug|ARM.Build.0 = Debug|Any CPU
		{1D3F04E8-FE65-47EC-91EA-3CCB42E51ED0}.Debug|iPhone.ActiveCfg = Debug|Any CPU
		{1D3F04E8-FE65-47EC-91EA-3CCB42E51ED0}.Debug|iPhone.Build.0 = Debug|Any CPU
		{1D3F04E8-FE65-47EC-91EA-3CCB42E51ED0}.Debug|iPhoneSimulator.ActiveCfg = Debug|Any CPU
		{1D3F04E8-FE65-47EC-91EA-3CCB42E51ED0}.Debug|iPhoneSimulator.Build.0 = Debug|Any CPU
		{1D3F04E8-FE65-47EC-91EA-3CCB42E51ED0}.Debug|x64.ActiveCfg = Debug|Any CPU
		{1D3F04E8-FE65-47EC-91EA-3CCB42E51ED0}.Debug|x64.Build.0 = Debug|Any CPU
		{1D3F04E8-FE65-47EC-91EA-3CCB42E51ED0}.Debug|x86.ActiveCfg = Debug|Any CPU
		{1D3F04E8-FE65-47EC-91EA-3CCB42E51ED0}.Debug|x86.Build.0 = Debug|Any CPU
		{1D3F04E8-FE65-47EC-91EA-3CCB42E51ED0}.Release|Any CPU.ActiveCfg = Release|Any CPU
		{1D3F04E8-FE65-47EC-91EA-3CCB42E51ED0}.Release|Any CPU.Build.0 = Release|Any CPU
		{1D3F04E8-FE65-47EC-91EA-3CCB42E51ED0}.Release|ARM.ActiveCfg = Release|Any CPU
		{1D3F04E8-FE65-47EC-91EA-3CCB42E51ED0}.Release|ARM.Build.0 = Release|Any CPU
		{1D3F04E8-FE65-47EC-91EA-3CCB42E51ED0}.Release|iPhone.ActiveCfg = Release|Any CPU
		{1D3F04E8-FE65-47EC-91EA-3CCB42E51ED0}.Release|iPhone.Build.0 = Release|Any CPU
		{1D3F04E8-FE65-47EC-91EA-3CCB42E51ED0}.Release|iPhoneSimulator.ActiveCfg = Release|Any CPU
		{1D3F04E8-FE65-47EC-91EA-3CCB42E51ED0}.Release|iPhoneSimulator.Build.0 = Release|Any CPU
		{1D3F04E8-FE65-47EC-91EA-3CCB42E51ED0}.Release|x64.ActiveCfg = Release|Any CPU
		{1D3F04E8-FE65-47EC-91EA-3CCB42E51ED0}.Release|x64.Build.0 = Release|Any CPU
		{1D3F04E8-FE65-47EC-91EA-3CCB42E51ED0}.Release|x86.ActiveCfg = Release|Any CPU
		{1D3F04E8-FE65-47EC-91EA-3CCB42E51ED0}.Release|x86.Build.0 = Release|Any CPU
		{4765838F-1B3E-4BF5-BB72-00958AA20C20}.Debug|Any CPU.ActiveCfg = Debug|Any CPU
		{4765838F-1B3E-4BF5-BB72-00958AA20C20}.Debug|Any CPU.Build.0 = Debug|Any CPU
		{4765838F-1B3E-4BF5-BB72-00958AA20C20}.Debug|ARM.ActiveCfg = Debug|Any CPU
		{4765838F-1B3E-4BF5-BB72-00958AA20C20}.Debug|ARM.Build.0 = Debug|Any CPU
		{4765838F-1B3E-4BF5-BB72-00958AA20C20}.Debug|iPhone.ActiveCfg = Debug|Any CPU
		{4765838F-1B3E-4BF5-BB72-00958AA20C20}.Debug|iPhone.Build.0 = Debug|Any CPU
		{4765838F-1B3E-4BF5-BB72-00958AA20C20}.Debug|iPhoneSimulator.ActiveCfg = Debug|Any CPU
		{4765838F-1B3E-4BF5-BB72-00958AA20C20}.Debug|iPhoneSimulator.Build.0 = Debug|Any CPU
		{4765838F-1B3E-4BF5-BB72-00958AA20C20}.Debug|x64.ActiveCfg = Debug|Any CPU
		{4765838F-1B3E-4BF5-BB72-00958AA20C20}.Debug|x64.Build.0 = Debug|Any CPU
		{4765838F-1B3E-4BF5-BB72-00958AA20C20}.Debug|x86.ActiveCfg = Debug|Any CPU
		{4765838F-1B3E-4BF5-BB72-00958AA20C20}.Debug|x86.Build.0 = Debug|Any CPU
		{4765838F-1B3E-4BF5-BB72-00958AA20C20}.Release|Any CPU.ActiveCfg = Release|Any CPU
		{4765838F-1B3E-4BF5-BB72-00958AA20C20}.Release|Any CPU.Build.0 = Release|Any CPU
		{4765838F-1B3E-4BF5-BB72-00958AA20C20}.Release|ARM.ActiveCfg = Release|Any CPU
		{4765838F-1B3E-4BF5-BB72-00958AA20C20}.Release|ARM.Build.0 = Release|Any CPU
		{4765838F-1B3E-4BF5-BB72-00958AA20C20}.Release|iPhone.ActiveCfg = Release|Any CPU
		{4765838F-1B3E-4BF5-BB72-00958AA20C20}.Release|iPhone.Build.0 = Release|Any CPU
		{4765838F-1B3E-4BF5-BB72-00958AA20C20}.Release|iPhoneSimulator.ActiveCfg = Release|Any CPU
		{4765838F-1B3E-4BF5-BB72-00958AA20C20}.Release|iPhoneSimulator.Build.0 = Release|Any CPU
		{4765838F-1B3E-4BF5-BB72-00958AA20C20}.Release|x64.ActiveCfg = Release|Any CPU
		{4765838F-1B3E-4BF5-BB72-00958AA20C20}.Release|x64.Build.0 = Release|Any CPU
		{4765838F-1B3E-4BF5-BB72-00958AA20C20}.Release|x86.ActiveCfg = Release|Any CPU
		{4765838F-1B3E-4BF5-BB72-00958AA20C20}.Release|x86.Build.0 = Release|Any CPU
	EndGlobalSection
	GlobalSection(SolutionProperties) = preSolution
		HideSolutionNode = FALSE
	EndGlobalSection
	GlobalSection(ExtensibilityGlobals) = postSolution
		SolutionGuid = {AEC29D4B-1494-42D0-880B-CDE86EEAC46E}
	EndGlobalSection
EndGlobal
